
Microsoft Visual Studio Solution File, Format Version 12.00
# Visual Studio Version 17
VisualStudioVersion = 17.5.33502.453
MinimumVisualStudioVersion = 10.0.40219.1
Project("{D954291E-2A0B-460D-934E-DC6B0785DB48}") = "FancyLogger.Extensions", "FancyLogger.Extensions\FancyLogger.Extensions.shproj", "{A2717462-4048-4FA2-B274-E35522765413}"
EndProject
Global
	GlobalSection(SolutionProperties) = preSolution
		HideSolutionNode = FALSE
	EndGlobalSection
	GlobalSection(ExtensibilityGlobals) = postSolution
		SolutionGuid = {D7108387-7D7B-46E1-8443-0637AD38A1CD}
	EndGlobalSection
	GlobalSection(SharedMSBuildProjectFiles) = preSolution
		FancyLogger.Extensions\FancyLogger.Extensions.projitems*{a2717462-4048-4fa2-b274-e35522765413}*SharedItemsImports = 13
	EndGlobalSection
EndGlobal
